
Microsoft Visual Studio Solution File, Format Version 12.00
# Visual Studio Version 17
VisualStudioVersion = 17.6.33723.286
MinimumVisualStudioVersion = 10.0.40219.1
Project("{8BC9CEB8-8B4A-11D0-8D11-00A0C91BC942}") = "MFCApplication1", "MFCApplication1\MFCApplication1.vcxproj", "{C3EEA241-7BC1-49BD-BA9D-9008F59818B8}"
EndProject
Project("{FAE04EC0-301F-11D3-BF4B-00C04F79EFBC}") = "WindowsFormsApp1", "WindowsFormsApp1\WindowsFormsApp1.csproj", "{ACDC9A86-5D9C-4BA8-8CE1-D26BA73B71CF}"
EndProject
Global
	GlobalSection(SolutionConfigurationPlatforms) = preSolution
		Debug|Any CPU = Debug|Any CPU
		Debug|x64 = Debug|x64
		Debug|x86 = Debug|x86
		Release|Any CPU = Release|Any CPU
		Release|x64 = Release|x64
		Release|x86 = Release|x86
	EndGlobalSection
	GlobalSection(ProjectConfigurationPlatforms) = postSolution
		{C3EEA241-7BC1-49BD-BA9D-9008F59818B8}.Debug|Any CPU.ActiveCfg = Debug|x64
		{C3EEA241-7BC1-49BD-BA9D-9008F59818B8}.Debug|Any CPU.Build.0 = Debug|x64
		{C3EEA241-7BC1-49BD-BA9D-9008F59818B8}.Debug|x64.ActiveCfg = Debug|x64
		{C3EEA241-7BC1-49BD-BA9D-9008F59818B8}.Debug|x64.Build.0 = Debug|x64
		{C3EEA241-7BC1-49BD-BA9D-9008F59818B8}.Debug|x86.ActiveCfg = Debug|Win32
		{C3EEA241-7BC1-49BD-BA9D-9008F59818B8}.Debug|x86.Build.0 = Debug|Win32
		{C3EEA241-7BC1-49BD-BA9D-9008F59818B8}.Release|Any CPU.ActiveCfg = Release|x64
		{C3EEA241-7BC1-49BD-BA9D-9008F59818B8}.Release|Any CPU.Build.0 = Release|x64
		{C3EEA241-7BC1-49BD-BA9D-9008F59818B8}.Release|x64.ActiveCfg = Release|x64
		{C3EEA241-7BC1-49BD-BA9D-9008F59818B8}.Release|x64.Build.0 = Release|x64
		{C3EEA241-7BC1-49BD-BA9D-9008F59818B8}.Release|x86.ActiveCfg = Release|Win32
		{C3EEA241-7BC1-49BD-BA9D-9008F59818B8}.Release|x86.Build.0 = Release|Win32
		{ACDC9A86-5D9C-4BA8-8CE1-D26BA73B71CF}.Debug|Any CPU.ActiveCfg = Debug|Any CPU
		{ACDC9A86-5D9C-4BA8-8CE1-D26BA73B71CF}.Debug|Any CPU.Build.0 = Debug|Any CPU
		{ACDC9A86-5D9C-4BA8-8CE1-D26BA73B71CF}.Debug|x64.ActiveCfg = Debug|Any CPU
		{ACDC9A86-5D9C-4BA8-8CE1-D26BA73B71CF}.Debug|x64.Build.0 = Debug|Any CPU
		{ACDC9A86-5D9C-4BA8-8CE1-D26BA73B71CF}.Debug|x86.ActiveCfg = Debug|Any CPU
		{ACDC9A86-5D9C-4BA8-8CE1-D26BA73B71CF}.Debug|x86.Build.0 = Debug|Any CPU
		{ACDC9A86-5D9C-4BA8-8CE1-D26BA73B71CF}.Release|Any CPU.ActiveCfg = Release|Any CPU
		{ACDC9A86-5D9C-4BA8-8CE1-D26BA73B71CF}.Release|Any CPU.Build.0 = Release|Any CPU
		{ACDC9A86-5D9C-4BA8-8CE1-D26BA73B71CF}.Release|x64.ActiveCfg = Release|Any CPU
		{ACDC9A86-5D9C-4BA8-8CE1-D26BA73B71CF}.Release|x64.Build.0 = Release|Any CPU
		{ACDC9A86-5D9C-4BA8-8CE1-D26BA73B71CF}.Release|x86.ActiveCfg = Release|Any CPU
		{ACDC9A86-5D9C-4BA8-8CE1-D26BA73B71CF}.Release|x86.Build.0 = Release|Any CPU
	EndGlobalSection
	GlobalSection(SolutionProperties) = preSolution
		HideSolutionNode = FALSE
	EndGlobalSection
	GlobalSection(ExtensibilityGlobals) = postSolution
		SolutionGuid = {112F15A6-40A9-42E1-9808-08B1EA3729AB}
	EndGlobalSection
EndGlobal
